
Microsoft Visual Studio Solution File, Format Version 12.00
# Visual Studio Version 16
VisualStudioVersion = 16.0.29123.88
MinimumVisualStudioVersion = 10.0.40219.1
Project("{FAE04EC0-301F-11D3-BF4B-00C04F79EFBC}") = "HalFiyatlari.Schedule", "HalFiyatlari.Schedule\HalFiyatlari.Schedule.csproj", "{683C4C7F-25A2-477F-9599-CAA9FF057B60}"
EndProject
Global
	GlobalSection(SolutionConfigurationPlatforms) = preSolution
		Debug|Any CPU = Debug|Any CPU
		Release|Any CPU = Release|Any CPU
	EndGlobalSection
	GlobalSection(ProjectConfigurationPlatforms) = postSolution
		{683C4C7F-25A2-477F-9599-CAA9FF057B60}.Debug|Any CPU.ActiveCfg = Debug|Any CPU
		{683C4C7F-25A2-477F-9599-CAA9FF057B60}.Debug|Any CPU.Build.0 = Debug|Any CPU
		{683C4C7F-25A2-477F-9599-CAA9FF057B60}.Release|Any CPU.ActiveCfg = Release|Any CPU
		{683C4C7F-25A2-477F-9599-CAA9FF057B60}.Release|Any CPU.Build.0 = Release|Any CPU
	EndGlobalSection
	GlobalSection(SolutionProperties) = preSolution
		HideSolutionNode = FALSE
	EndGlobalSection
	GlobalSection(ExtensibilityGlobals) = postSolution
		SolutionGuid = {DDFB63B2-11AF-48BF-A8AE-BA4118DEDD08}
	EndGlobalSection
EndGlobal
